
Microsoft Visual Studio Solution File, Format Version 12.00
# Visual Studio Version 17
VisualStudioVersion = 17.0.31903.59
MinimumVisualStudioVersion = 10.0.40219.1
Project("{9A19103F-16F7-4668-BE54-9A1E7A4F7556}") = "MyApi", "MyApi\MyApi.csproj", "{C4DC7E99-EBFD-4715-94AB-F6B667E29D8F}"
EndProject
Project("{9A19103F-16F7-4668-BE54-9A1E7A4F7556}") = "MyApi.Tests", "MyApi.Tests\MyApi.Tests.csproj", "{9577D965-FD9F-4E07-AAB1-9DEC113F72FC}"
EndProject
Project("{9A19103F-16F7-4668-BE54-9A1E7A4F7556}") = "Schema", "Schema\Schema.csproj", "{AD50287B-2200-4349-8025-856396937D77}"
EndProject
Project("{2150E333-8FDC-42A3-9474-1A3956D46DE8}") = "Solution Items", "Solution Items", "{57839A9D-613F-47E6-93A4-4A07384C93B7}"
	ProjectSection(SolutionItems) = preProject
		.editorconfig = .editorconfig
		README.md = README.md
	EndProjectSection
EndProject
Global
	GlobalSection(SolutionConfigurationPlatforms) = preSolution
		Debug|Any CPU = Debug|Any CPU
		Release|Any CPU = Release|Any CPU
	EndGlobalSection
	GlobalSection(ProjectConfigurationPlatforms) = postSolution
		{C4DC7E99-EBFD-4715-94AB-F6B667E29D8F}.Debug|Any CPU.ActiveCfg = Debug|Any CPU
		{C4DC7E99-EBFD-4715-94AB-F6B667E29D8F}.Debug|Any CPU.Build.0 = Debug|Any CPU
		{C4DC7E99-EBFD-4715-94AB-F6B667E29D8F}.Release|Any CPU.ActiveCfg = Release|Any CPU
		{C4DC7E99-EBFD-4715-94AB-F6B667E29D8F}.Release|Any CPU.Build.0 = Release|Any CPU
		{9577D965-FD9F-4E07-AAB1-9DEC113F72FC}.Debug|Any CPU.ActiveCfg = Debug|Any CPU
		{9577D965-FD9F-4E07-AAB1-9DEC113F72FC}.Debug|Any CPU.Build.0 = Debug|Any CPU
		{9577D965-FD9F-4E07-AAB1-9DEC113F72FC}.Release|Any CPU.ActiveCfg = Release|Any CPU
		{9577D965-FD9F-4E07-AAB1-9DEC113F72FC}.Release|Any CPU.Build.0 = Release|Any CPU
		{AD50287B-2200-4349-8025-856396937D77}.Debug|Any CPU.ActiveCfg = Debug|Any CPU
		{AD50287B-2200-4349-8025-856396937D77}.Debug|Any CPU.Build.0 = Debug|Any CPU
		{AD50287B-2200-4349-8025-856396937D77}.Release|Any CPU.ActiveCfg = Release|Any CPU
		{AD50287B-2200-4349-8025-856396937D77}.Release|Any CPU.Build.0 = Release|Any CPU
	EndGlobalSection
	GlobalSection(SolutionProperties) = preSolution
		HideSolutionNode = FALSE
	EndGlobalSection
	GlobalSection(ExtensibilityGlobals) = postSolution
		SolutionGuid = {ED70E902-0E87-469A-913C-47730E29FB18}
	EndGlobalSection
EndGlobal
