<Solution>
  <Folder Name="/Solution Items/">
    <File Path=".editorconfig" />
    <File Path=".github/workflows/dotnet.yml" />
    <File Path="Demo.Api/.env" />
    <File Path="README.md" />
  </Folder>
  <Project Path="Demo.Api/Demo.Api.csproj" />
  <Project Path="Demo.Tests/Demo.Tests.csproj" />
</Solution>
